
Microsoft Visual Studio Solution File, Format Version 11.00
# Visual Studio 2010
Project("{FAE04EC0-301F-11D3-BF4B-00C04F79EFBC}") = "NOtherLookup", "NOtherLookup\NOtherLookup.csproj", "{66CD7079-9B93-4428-A0BA-915ED72A33BA}"
EndProject
Project("{FAE04EC0-301F-11D3-BF4B-00C04F79EFBC}") = "NOtherLookup.Tests", "NOtherLookup.Tests\NOtherLookup.Tests.csproj", "{2389B306-DC9E-4DF9-AA44-51E1C2DE2876}"
EndProject
Global
	GlobalSection(SolutionConfigurationPlatforms) = preSolution
		Debug|Any CPU = Debug|Any CPU
		Release|Any CPU = Release|Any CPU
	EndGlobalSection
	GlobalSection(ProjectConfigurationPlatforms) = postSolution
		{66CD7079-9B93-4428-A0BA-915ED72A33BA}.Debug|Any CPU.ActiveCfg = Debug|Any CPU
		{66CD7079-9B93-4428-A0BA-915ED72A33BA}.Debug|Any CPU.Build.0 = Debug|Any CPU
		{66CD7079-9B93-4428-A0BA-915ED72A33BA}.Release|Any CPU.ActiveCfg = Release|Any CPU
		{66CD7079-9B93-4428-A0BA-915ED72A33BA}.Release|Any CPU.Build.0 = Release|Any CPU
		{2389B306-DC9E-4DF9-AA44-51E1C2DE2876}.Debug|Any CPU.ActiveCfg = Debug|Any CPU
		{2389B306-DC9E-4DF9-AA44-51E1C2DE2876}.Debug|Any CPU.Build.0 = Debug|Any CPU
		{2389B306-DC9E-4DF9-AA44-51E1C2DE2876}.Release|Any CPU.ActiveCfg = Release|Any CPU
		{2389B306-DC9E-4DF9-AA44-51E1C2DE2876}.Release|Any CPU.Build.0 = Release|Any CPU
	EndGlobalSection
	GlobalSection(SolutionProperties) = preSolution
		HideSolutionNode = FALSE
	EndGlobalSection
EndGlobal
